# This file is automatically @generated by Cargo.
# It is not intended for manual editing.
version = 3

[[package]]
name = "axum_assessment_workspace"
version = "0.1.0"
dependencies = [
 "doubler_crate",
 "sum_crate",
]

[[package]]
name = "doubler_crate"
version = "0.1.0"

[[package]]
name = "sum_crate"
version = "0.1.0"
